
Microsoft Visual Studio Solution File, Format Version 12.00
# Visual Studio Version 17
VisualStudioVersion = 17.9.34622.214
MinimumVisualStudioVersion = 10.0.40219.1
Project("{2150E333-8FDC-42A3-9474-1A3956D46DE8}") = "Services", "Services", "{9E5C7D71-035D-4FED-AE04-5B65D3EDF8D7}"
EndProject
Project("{2150E333-8FDC-42A3-9474-1A3956D46DE8}") = "APIGateWay", "APIGateWay", "{ECB63B92-7A30-4F6C-B067-11F0BC3050BA}"
EndProject
Project("{9A19103F-16F7-4668-BE54-9A1E7A4F7556}") = "APIGateway", "APIGateway\APIGateway\APIGateway.csproj", "{7399C762-A703-4D20-A16D-8691449863AF}"
EndProject
Project("{9A19103F-16F7-4668-BE54-9A1E7A4F7556}") = "ScheduleService", "Services\ScheduleService\ScheduleService.csproj", "{28A9475A-257A-4DE3-95F9-59D07375F1E2}"
EndProject
Project("{9A19103F-16F7-4668-BE54-9A1E7A4F7556}") = "EmployeeService", "Services\EmployeeService\EmployeeService.csproj", "{BEAD7969-FFB3-4BC3-A862-76F0DE0281D7}"
EndProject
Project("{9A19103F-16F7-4668-BE54-9A1E7A4F7556}") = "CustomerService", "Services\CustomerService\CustomerService.csproj", "{F5D77AD0-CBCD-4026-A205-3402F874EB7A}"
EndProject
Project("{9A19103F-16F7-4668-BE54-9A1E7A4F7556}") = "PromotionService", "Services\PromotionService\PromotionService.csproj", "{66820016-4163-4A1B-BDAA-FE3BAA63C249}"
EndProject
Project("{9A19103F-16F7-4668-BE54-9A1E7A4F7556}") = "TheaterService", "Services\TheaterService\TheaterService.csproj", "{EFFE4287-6D74-4D21-9499-FAD1EF7EC5FD}"
EndProject
Project("{9A19103F-16F7-4668-BE54-9A1E7A4F7556}") = "MovieService", "Services\MovieService\MovieService.csproj", "{E8CCD374-A844-4581-8B1C-553F004DC600}"
EndProject
Project("{9A19103F-16F7-4668-BE54-9A1E7A4F7556}") = "SaleService", "Services\SaleService\SaleService.csproj", "{0845E32C-80CD-41A8-A7E4-A70DAE730595}"
EndProject
Project("{2150E333-8FDC-42A3-9474-1A3956D46DE8}") = "JwtAuthenticationManager", "JwtAuthenticationManager", "{832B2E38-4895-4511-9830-5C25AB4403AB}"
EndProject
Project("{9A19103F-16F7-4668-BE54-9A1E7A4F7556}") = "JwtAuthenticationManager", "JwtAuthenticationManager\JwtAuthenticationManager\JwtAuthenticationManager.csproj", "{4348BBA2-0E7F-4B59-A4F3-5A764D3E174A}"
EndProject
Project("{9A19103F-16F7-4668-BE54-9A1E7A4F7556}") = "AuthenticationService", "JwtAuthenticationManager\AuthenticationService\AuthenticationService.csproj", "{31C52D5E-92E7-43C0-A914-4AE20AC89602}"
EndProject
Project("{2150E333-8FDC-42A3-9474-1A3956D46DE8}") = "MessageBroker", "MessageBroker", "{6447B98A-8033-487F-8FEF-7F91DBD645F3}"
EndProject
Project("{FAE04EC0-301F-11D3-BF4B-00C04F79EFBC}") = "MessageBrokerService", "MessageBroker\MessageBrokerService\MessageBrokerService.csproj", "{86E8C80B-033E-424C-BE08-721D6FD61493}"
EndProject
Global
	GlobalSection(SolutionConfigurationPlatforms) = preSolution
		Debug|Any CPU = Debug|Any CPU
		Release|Any CPU = Release|Any CPU
	EndGlobalSection
	GlobalSection(ProjectConfigurationPlatforms) = postSolution
		{7399C762-A703-4D20-A16D-8691449863AF}.Debug|Any CPU.ActiveCfg = Debug|Any CPU
		{7399C762-A703-4D20-A16D-8691449863AF}.Debug|Any CPU.Build.0 = Debug|Any CPU
		{7399C762-A703-4D20-A16D-8691449863AF}.Release|Any CPU.ActiveCfg = Release|Any CPU
		{7399C762-A703-4D20-A16D-8691449863AF}.Release|Any CPU.Build.0 = Release|Any CPU
		{28A9475A-257A-4DE3-95F9-59D07375F1E2}.Debug|Any CPU.ActiveCfg = Debug|Any CPU
		{28A9475A-257A-4DE3-95F9-59D07375F1E2}.Debug|Any CPU.Build.0 = Debug|Any CPU
		{28A9475A-257A-4DE3-95F9-59D07375F1E2}.Release|Any CPU.ActiveCfg = Release|Any CPU
		{28A9475A-257A-4DE3-95F9-59D07375F1E2}.Release|Any CPU.Build.0 = Release|Any CPU
		{BEAD7969-FFB3-4BC3-A862-76F0DE0281D7}.Debug|Any CPU.ActiveCfg = Debug|Any CPU
		{BEAD7969-FFB3-4BC3-A862-76F0DE0281D7}.Debug|Any CPU.Build.0 = Debug|Any CPU
		{BEAD7969-FFB3-4BC3-A862-76F0DE0281D7}.Release|Any CPU.ActiveCfg = Release|Any CPU
		{BEAD7969-FFB3-4BC3-A862-76F0DE0281D7}.Release|Any CPU.Build.0 = Release|Any CPU
		{F5D77AD0-CBCD-4026-A205-3402F874EB7A}.Debug|Any CPU.ActiveCfg = Debug|Any CPU
		{F5D77AD0-CBCD-4026-A205-3402F874EB7A}.Debug|Any CPU.Build.0 = Debug|Any CPU
		{F5D77AD0-CBCD-4026-A205-3402F874EB7A}.Release|Any CPU.ActiveCfg = Release|Any CPU
		{F5D77AD0-CBCD-4026-A205-3402F874EB7A}.Release|Any CPU.Build.0 = Release|Any CPU
		{66820016-4163-4A1B-BDAA-FE3BAA63C249}.Debug|Any CPU.ActiveCfg = Debug|Any CPU
		{66820016-4163-4A1B-BDAA-FE3BAA63C249}.Debug|Any CPU.Build.0 = Debug|Any CPU
		{66820016-4163-4A1B-BDAA-FE3BAA63C249}.Release|Any CPU.ActiveCfg = Release|Any CPU
		{66820016-4163-4A1B-BDAA-FE3BAA63C249}.Release|Any CPU.Build.0 = Release|Any CPU
		{EFFE4287-6D74-4D21-9499-FAD1EF7EC5FD}.Debug|Any CPU.ActiveCfg = Debug|Any CPU
		{EFFE4287-6D74-4D21-9499-FAD1EF7EC5FD}.Debug|Any CPU.Build.0 = Debug|Any CPU
		{EFFE4287-6D74-4D21-9499-FAD1EF7EC5FD}.Release|Any CPU.ActiveCfg = Release|Any CPU
		{EFFE4287-6D74-4D21-9499-FAD1EF7EC5FD}.Release|Any CPU.Build.0 = Release|Any CPU
		{E8CCD374-A844-4581-8B1C-553F004DC600}.Debug|Any CPU.ActiveCfg = Debug|Any CPU
		{E8CCD374-A844-4581-8B1C-553F004DC600}.Debug|Any CPU.Build.0 = Debug|Any CPU
		{E8CCD374-A844-4581-8B1C-553F004DC600}.Release|Any CPU.ActiveCfg = Release|Any CPU
		{E8CCD374-A844-4581-8B1C-553F004DC600}.Release|Any CPU.Build.0 = Release|Any CPU
		{0845E32C-80CD-41A8-A7E4-A70DAE730595}.Debug|Any CPU.ActiveCfg = Debug|Any CPU
		{0845E32C-80CD-41A8-A7E4-A70DAE730595}.Debug|Any CPU.Build.0 = Debug|Any CPU
		{0845E32C-80CD-41A8-A7E4-A70DAE730595}.Release|Any CPU.ActiveCfg = Release|Any CPU
		{0845E32C-80CD-41A8-A7E4-A70DAE730595}.Release|Any CPU.Build.0 = Release|Any CPU
		{4348BBA2-0E7F-4B59-A4F3-5A764D3E174A}.Debug|Any CPU.ActiveCfg = Debug|Any CPU
		{4348BBA2-0E7F-4B59-A4F3-5A764D3E174A}.Debug|Any CPU.Build.0 = Debug|Any CPU
		{4348BBA2-0E7F-4B59-A4F3-5A764D3E174A}.Release|Any CPU.ActiveCfg = Release|Any CPU
		{4348BBA2-0E7F-4B59-A4F3-5A764D3E174A}.Release|Any CPU.Build.0 = Release|Any CPU
		{31C52D5E-92E7-43C0-A914-4AE20AC89602}.Debug|Any CPU.ActiveCfg = Debug|Any CPU
		{31C52D5E-92E7-43C0-A914-4AE20AC89602}.Debug|Any CPU.Build.0 = Debug|Any CPU
		{31C52D5E-92E7-43C0-A914-4AE20AC89602}.Release|Any CPU.ActiveCfg = Release|Any CPU
		{31C52D5E-92E7-43C0-A914-4AE20AC89602}.Release|Any CPU.Build.0 = Release|Any CPU
		{86E8C80B-033E-424C-BE08-721D6FD61493}.Debug|Any CPU.ActiveCfg = Debug|Any CPU
		{86E8C80B-033E-424C-BE08-721D6FD61493}.Debug|Any CPU.Build.0 = Debug|Any CPU
		{86E8C80B-033E-424C-BE08-721D6FD61493}.Release|Any CPU.ActiveCfg = Release|Any CPU
		{86E8C80B-033E-424C-BE08-721D6FD61493}.Release|Any CPU.Build.0 = Release|Any CPU
	EndGlobalSection
	GlobalSection(SolutionProperties) = preSolution
		HideSolutionNode = FALSE
	EndGlobalSection
	GlobalSection(NestedProjects) = preSolution
		{7399C762-A703-4D20-A16D-8691449863AF} = {ECB63B92-7A30-4F6C-B067-11F0BC3050BA}
		{28A9475A-257A-4DE3-95F9-59D07375F1E2} = {9E5C7D71-035D-4FED-AE04-5B65D3EDF8D7}
		{BEAD7969-FFB3-4BC3-A862-76F0DE0281D7} = {9E5C7D71-035D-4FED-AE04-5B65D3EDF8D7}
		{F5D77AD0-CBCD-4026-A205-3402F874EB7A} = {9E5C7D71-035D-4FED-AE04-5B65D3EDF8D7}
		{66820016-4163-4A1B-BDAA-FE3BAA63C249} = {9E5C7D71-035D-4FED-AE04-5B65D3EDF8D7}
		{EFFE4287-6D74-4D21-9499-FAD1EF7EC5FD} = {9E5C7D71-035D-4FED-AE04-5B65D3EDF8D7}
		{E8CCD374-A844-4581-8B1C-553F004DC600} = {9E5C7D71-035D-4FED-AE04-5B65D3EDF8D7}
		{0845E32C-80CD-41A8-A7E4-A70DAE730595} = {9E5C7D71-035D-4FED-AE04-5B65D3EDF8D7}
		{4348BBA2-0E7F-4B59-A4F3-5A764D3E174A} = {832B2E38-4895-4511-9830-5C25AB4403AB}
		{31C52D5E-92E7-43C0-A914-4AE20AC89602} = {832B2E38-4895-4511-9830-5C25AB4403AB}
		{86E8C80B-033E-424C-BE08-721D6FD61493} = {6447B98A-8033-487F-8FEF-7F91DBD645F3}
	EndGlobalSection
	GlobalSection(ExtensibilityGlobals) = postSolution
		SolutionGuid = {3143ECA9-4E22-4315-A9C3-F29DD52CD1A6}
	EndGlobalSection
EndGlobal
